
Microsoft Visual Studio Solution File, Format Version 12.00
# Visual Studio 15
VisualStudioVersion = 15.0.27428.2015
MinimumVisualStudioVersion = 10.0.40219.1
Project("{FAE04EC0-301F-11D3-BF4B-00C04F79EFBC}") = "WPF_BSTStudent", "WPF_BSTStudent\WPF_BSTStudent.csproj", "{B1ACE397-E62D-402F-97DA-92E18F7AE1F1}"
EndProject
Global
	GlobalSection(SolutionConfigurationPlatforms) = preSolution
		Debug|Any CPU = Debug|Any CPU
		Release|Any CPU = Release|Any CPU
	EndGlobalSection
	GlobalSection(ProjectConfigurationPlatforms) = postSolution
		{B1ACE397-E62D-402F-97DA-92E18F7AE1F1}.Debug|Any CPU.ActiveCfg = Debug|Any CPU
		{B1ACE397-E62D-402F-97DA-92E18F7AE1F1}.Debug|Any CPU.Build.0 = Debug|Any CPU
		{B1ACE397-E62D-402F-97DA-92E18F7AE1F1}.Release|Any CPU.ActiveCfg = Release|Any CPU
		{B1ACE397-E62D-402F-97DA-92E18F7AE1F1}.Release|Any CPU.Build.0 = Release|Any CPU
	EndGlobalSection
	GlobalSection(SolutionProperties) = preSolution
		HideSolutionNode = FALSE
	EndGlobalSection
	GlobalSection(ExtensibilityGlobals) = postSolution
		SolutionGuid = {4BCC251D-FEF8-44EA-A733-B9AD4263B574}
	EndGlobalSection
	GlobalSection(TeamFoundationVersionControl) = preSolution
		SccNumberOfProjects = 2
		SccEnterpriseProvider = {4CA58AB2-18FA-4F8D-95D4-32DDF27D184C}
		SccTeamFoundationServer = https://ngotrung.visualstudio.com/
		SccLocalPath0 = .
		SccProjectUniqueName1 = WPF_BSTStudent\\WPF_BSTStudent.csproj
		SccProjectName1 = WPF_BSTStudent
		SccLocalPath1 = WPF_BSTStudent
	EndGlobalSection
EndGlobal
